// !$*UTF8*$!
{
	archiveVersion = 1;
	classes = {
	};
	objectVersion = 56;
	objects = {

/* Begin PBXBuildFile section */
		3B27D4E9299440E70097DD8C /* PhotoView.swift in Sources */ = {isa = PBXBuildFile; fileRef = 3B27D4E8299440E70097DD8C /* PhotoView.swift */; };
		3B280597299D7F8100049248 /* PhotoEditView.swift in Sources */ = {isa = PBXBuildFile; fileRef = 3B280596299D7F8100049248 /* PhotoEditView.swift */; };
		3B280599299D849600049248 /* CoreImageFX.swift in Sources */ = {isa = PBXBuildFile; fileRef = 3B280598299D849600049248 /* CoreImageFX.swift */; };
		3B8405C429C82BB300924FDD /* CaptureHandler.swift in Sources */ = {isa = PBXBuildFile; fileRef = 3B8405C329C82BB200924FDD /* CaptureHandler.swift */; };
		3B8405C629C82BC100924FDD /* FrameView.swift in Sources */ = {isa = PBXBuildFile; fileRef = 3B8405C529C82BC100924FDD /* FrameView.swift */; };
		3B8405C829C82BD300924FDD /* PhotoCatcher.swift in Sources */ = {isa = PBXBuildFile; fileRef = 3B8405C729C82BD300924FDD /* PhotoCatcher.swift */; };
		3B843533298B07AD0051D8CC /* Photo_ShoeboxApp.swift in Sources */ = {isa = PBXBuildFile; fileRef = 3B843532298B07AD0051D8CC /* Photo_ShoeboxApp.swift */; };
		3B843535298B07AD0051D8CC /* ContentView.swift in Sources */ = {isa = PBXBuildFile; fileRef = 3B843534298B07AD0051D8CC /* ContentView.swift */; };
		3B843537298B07AE0051D8CC /* Assets.xcassets in Resources */ = {isa = PBXBuildFile; fileRef = 3B843536298B07AE0051D8CC /* Assets.xcassets */; };
		3B84353A298B07AE0051D8CC /* Preview Assets.xcassets in Resources */ = {isa = PBXBuildFile; fileRef = 3B843539298B07AE0051D8CC /* Preview Assets.xcassets */; };
		3B843541298B0BCD0051D8CC /* PhotoAsset.swift in Sources */ = {isa = PBXBuildFile; fileRef = 3B843540298B0BCD0051D8CC /* PhotoAsset.swift */; };
		3B843543298B0CE60051D8CC /* PhotoStore.swift in Sources */ = {isa = PBXBuildFile; fileRef = 3B843542298B0CE60051D8CC /* PhotoStore.swift */; };
		3B8824E929919D01005EC4DD /* PhotosListView.swift in Sources */ = {isa = PBXBuildFile; fileRef = 3B8824E829919D01005EC4DD /* PhotosListView.swift */; };
		3BA8BC6529ADC838001D54BE /* ConfettiModifier.swift in Sources */ = {isa = PBXBuildFile; fileRef = 3BA8BC6429ADC838001D54BE /* ConfettiModifier.swift */; };
		3BA8BC6729ADC88E001D54BE /* PanAndZoom.swift in Sources */ = {isa = PBXBuildFile; fileRef = 3BA8BC6629ADC88E001D54BE /* PanAndZoom.swift */; };
/* End PBXBuildFile section */

/* Begin PBXFileReference section */
		3B27D4E8299440E70097DD8C /* PhotoView.swift */ = {isa = PBXFileReference; lastKnownFileType = sourcecode.swift; path = PhotoView.swift; sourceTree = "<group>"; };
		3B280596299D7F8100049248 /* PhotoEditView.swift */ = {isa = PBXFileReference; lastKnownFileType = sourcecode.swift; path = PhotoEditView.swift; sourceTree = "<group>"; };
		3B280598299D849600049248 /* CoreImageFX.swift */ = {isa = PBXFileReference; lastKnownFileType = sourcecode.swift; path = CoreImageFX.swift; sourceTree = "<group>"; };
		3B8405C329C82BB200924FDD /* CaptureHandler.swift */ = {isa = PBXFileReference; fileEncoding = 4; lastKnownFileType = sourcecode.swift; path = CaptureHandler.swift; sourceTree = "<group>"; };
		3B8405C529C82BC100924FDD /* FrameView.swift */ = {isa = PBXFileReference; fileEncoding = 4; lastKnownFileType = sourcecode.swift; path = FrameView.swift; sourceTree = "<group>"; };
		3B8405C729C82BD300924FDD /* PhotoCatcher.swift */ = {isa = PBXFileReference; fileEncoding = 4; lastKnownFileType = sourcecode.swift; path = PhotoCatcher.swift; sourceTree = "<group>"; };
		3B8405C929C82CA400924FDD /* Info.plist */ = {isa = PBXFileReference; lastKnownFileType = text.plist; path = Info.plist; sourceTree = "<group>"; };
		3B84352F298B07AD0051D8CC /* Photo-Shoebox.app */ = {isa = PBXFileReference; explicitFileType = wrapper.application; includeInIndex = 0; path = "Photo-Shoebox.app"; sourceTree = BUILT_PRODUCTS_DIR; };
		3B843532298B07AD0051D8CC /* Photo_ShoeboxApp.swift */ = {isa = PBXFileReference; lastKnownFileType = sourcecode.swift; path = Photo_ShoeboxApp.swift; sourceTree = "<group>"; };
		3B843534298B07AD0051D8CC /* ContentView.swift */ = {isa = PBXFileReference; lastKnownFileType = sourcecode.swift; path = ContentView.swift; sourceTree = "<group>"; };
		3B843536298B07AE0051D8CC /* Assets.xcassets */ = {isa = PBXFileReference; lastKnownFileType = folder.assetcatalog; path = Assets.xcassets; sourceTree = "<group>"; };
		3B843539298B07AE0051D8CC /* Preview Assets.xcassets */ = {isa = PBXFileReference; lastKnownFileType = folder.assetcatalog; path = "Preview Assets.xcassets"; sourceTree = "<group>"; };
		3B843540298B0BCD0051D8CC /* PhotoAsset.swift */ = {isa = PBXFileReference; lastKnownFileType = sourcecode.swift; path = PhotoAsset.swift; sourceTree = "<group>"; };
		3B843542298B0CE60051D8CC /* PhotoStore.swift */ = {isa = PBXFileReference; lastKnownFileType = sourcecode.swift; path = PhotoStore.swift; sourceTree = "<group>"; };
		3B8824E829919D01005EC4DD /* PhotosListView.swift */ = {isa = PBXFileReference; lastKnownFileType = sourcecode.swift; path = PhotosListView.swift; sourceTree = "<group>"; };
		3BA8BC6429ADC838001D54BE /* ConfettiModifier.swift */ = {isa = PBXFileReference; fileEncoding = 4; lastKnownFileType = sourcecode.swift; path = ConfettiModifier.swift; sourceTree = "<group>"; };
		3BA8BC6629ADC88E001D54BE /* PanAndZoom.swift */ = {isa = PBXFileReference; fileEncoding = 4; lastKnownFileType = sourcecode.swift; path = PanAndZoom.swift; sourceTree = "<group>"; };
/* End PBXFileReference section */

/* Begin PBXFrameworksBuildPhase section */
		3B84352C298B07AD0051D8CC /* Frameworks */ = {
			isa = PBXFrameworksBuildPhase;
			buildActionMask = 2147483647;
			files = (
			);
			runOnlyForDeploymentPostprocessing = 0;
		};
/* End PBXFrameworksBuildPhase section */

/* Begin PBXGroup section */
		3B843526298B07AD0051D8CC = {
			isa = PBXGroup;
			children = (
				3B843531298B07AD0051D8CC /* Photo-Shoebox */,
				3B843530298B07AD0051D8CC /* Products */,
			);
			sourceTree = "<group>";
		};
		3B843530298B07AD0051D8CC /* Products */ = {
			isa = PBXGroup;
			children = (
				3B84352F298B07AD0051D8CC /* Photo-Shoebox.app */,
			);
			name = Products;
			sourceTree = "<group>";
		};
		3B843531298B07AD0051D8CC /* Photo-Shoebox */ = {
			isa = PBXGroup;
			children = (
				3B8405C929C82CA400924FDD /* Info.plist */,
				3B843536298B07AE0051D8CC /* Assets.xcassets */,
				3B8405C729C82BD300924FDD /* PhotoCatcher.swift */,
				3B8405C529C82BC100924FDD /* FrameView.swift */,
				3B8405C329C82BB200924FDD /* CaptureHandler.swift */,
				3B843534298B07AD0051D8CC /* ContentView.swift */,
				3B280598299D849600049248 /* CoreImageFX.swift */,
				3B843532298B07AD0051D8CC /* Photo_ShoeboxApp.swift */,
				3B843540298B0BCD0051D8CC /* PhotoAsset.swift */,
				3BA8BC6429ADC838001D54BE /* ConfettiModifier.swift */,
				3B280596299D7F8100049248 /* PhotoEditView.swift */,
				3BA8BC6629ADC88E001D54BE /* PanAndZoom.swift */,
				3B8824E829919D01005EC4DD /* PhotosListView.swift */,
				3B843542298B0CE60051D8CC /* PhotoStore.swift */,
				3B27D4E8299440E70097DD8C /* PhotoView.swift */,
				3B843538298B07AE0051D8CC /* Preview Content */,
			);
			path = "Photo-Shoebox";
			sourceTree = "<group>";
		};
		3B843538298B07AE0051D8CC /* Preview Content */ = {
			isa = PBXGroup;
			children = (
				3B843539298B07AE0051D8CC /* Preview Assets.xcassets */,
			);
			path = "Preview Content";
			sourceTree = "<group>";
		};
/* End PBXGroup section */

/* Begin PBXNativeTarget section */
		3B84352E298B07AD0051D8CC /* Photo-Shoebox */ = {
			isa = PBXNativeTarget;
			buildConfigurationList = 3B84353D298B07AE0051D8CC /* Build configuration list for PBXNativeTarget "Photo-Shoebox" */;
			buildPhases = (
				3B84352B298B07AD0051D8CC /* Sources */,
				3B84352C298B07AD0051D8CC /* Frameworks */,
				3B84352D298B07AD0051D8CC /* Resources */,
			);
			buildRules = (
			);
			dependencies = (
			);
			name = "Photo-Shoebox";
			productName = "Photo-Shoebox";
			productReference = 3B84352F298B07AD0051D8CC /* Photo-Shoebox.app */;
			productType = "com.apple.product-type.application";
		};
/* End PBXNativeTarget section */

/* Begin PBXProject section */
		3B843527298B07AD0051D8CC /* Project object */ = {
			isa = PBXProject;
			attributes = {
				BuildIndependentTargetsInParallel = 1;
				LastSwiftUpdateCheck = 1400;
				LastUpgradeCheck = 1400;
				TargetAttributes = {
					3B84352E298B07AD0051D8CC = {
						CreatedOnToolsVersion = 14.0.1;
					};
				};
			};
			buildConfigurationList = 3B84352A298B07AD0051D8CC /* Build configuration list for PBXProject "Photo-Shoebox" */;
			compatibilityVersion = "Xcode 14.0";
			developmentRegion = en;
			hasScannedForEncodings = 0;
			knownRegions = (
				en,
				Base,
			);
			mainGroup = 3B843526298B07AD0051D8CC;
			productRefGroup = 3B843530298B07AD0051D8CC /* Products */;
			projectDirPath = "";
			projectRoot = "";
			targets = (
				3B84352E298B07AD0051D8CC /* Photo-Shoebox */,
			);
		};
/* End PBXProject section */

/* Begin PBXResourcesBuildPhase section */
		3B84352D298B07AD0051D8CC /* Resources */ = {
			isa = PBXResourcesBuildPhase;
			buildActionMask = 2147483647;
			files = (
				3B84353A298B07AE0051D8CC /* Preview Assets.xcassets in Resources */,
				3B843537298B07AE0051D8CC /* Assets.xcassets in Resources */,
			);
			runOnlyForDeploymentPostprocessing = 0;
		};
/* End PBXResourcesBuildPhase section */

/* Begin PBXSourcesBuildPhase section */
		3B84352B298B07AD0051D8CC /* Sources */ = {
			isa = PBXSourcesBuildPhase;
			buildActionMask = 2147483647;
			files = (
				3B8405C629C82BC100924FDD /* FrameView.swift in Sources */,
				3B8405C829C82BD300924FDD /* PhotoCatcher.swift in Sources */,
				3B280597299D7F8100049248 /* PhotoEditView.swift in Sources */,
				3B843541298B0BCD0051D8CC /* PhotoAsset.swift in Sources */,
				3B843535298B07AD0051D8CC /* ContentView.swift in Sources */,
				3B8824E929919D01005EC4DD /* PhotosListView.swift in Sources */,
				3B27D4E9299440E70097DD8C /* PhotoView.swift in Sources */,
				3BA8BC6529ADC838001D54BE /* ConfettiModifier.swift in Sources */,
				3B843543298B0CE60051D8CC /* PhotoStore.swift in Sources */,
				3BA8BC6729ADC88E001D54BE /* PanAndZoom.swift in Sources */,
				3B280599299D849600049248 /* CoreImageFX.swift in Sources */,
				3B843533298B07AD0051D8CC /* Photo_ShoeboxApp.swift in Sources */,
				3B8405C429C82BB300924FDD /* CaptureHandler.swift in Sources */,
			);
			runOnlyForDeploymentPostprocessing = 0;
		};
/* End PBXSourcesBuildPhase section */

/* Begin XCBuildConfiguration section */
		3B84353B298B07AE0051D8CC /* Debug */ = {
			isa = XCBuildConfiguration;
			buildSettings = {
				ALWAYS_SEARCH_USER_PATHS = NO;
				CLANG_ANALYZER_NONNULL = YES;
				CLANG_ANALYZER_NUMBER_OBJECT_CONVERSION = YES_AGGRESSIVE;
				CLANG_CXX_LANGUAGE_STANDARD = "gnu++20";
				CLANG_ENABLE_MODULES = YES;
				CLANG_ENABLE_OBJC_ARC = YES;
				CLANG_ENABLE_OBJC_WEAK = YES;
				CLANG_WARN_BLOCK_CAPTURE_AUTORELEASING = YES;
				CLANG_WARN_BOOL_CONVERSION = YES;
				CLANG_WARN_COMMA = YES;
				CLANG_WARN_CONSTANT_CONVERSION = YES;
				CLANG_WARN_DEPRECATED_OBJC_IMPLEMENTATIONS = YES;
				CLANG_WARN_DIRECT_OBJC_ISA_USAGE = YES_ERROR;
				CLANG_WARN_DOCUMENTATION_COMMENTS = YES;
				CLANG_WARN_EMPTY_BODY = YES;
				CLANG_WARN_ENUM_CONVERSION = YES;
				CLANG_WARN_INFINITE_RECURSION = YES;
				CLANG_WARN_INT_CONVERSION = YES;
				CLANG_WARN_NON_LITERAL_NULL_CONVERSION = YES;
				CLANG_WARN_OBJC_IMPLICIT_RETAIN_SELF = YES;
				CLANG_WARN_OBJC_LITERAL_CONVERSION = YES;
				CLANG_WARN_OBJC_ROOT_CLASS = YES_ERROR;
				CLANG_WARN_QUOTED_INCLUDE_IN_FRAMEWORK_HEADER = YES;
				CLANG_WARN_RANGE_LOOP_ANALYSIS = YES;
				CLANG_WARN_STRICT_PROTOTYPES = YES;
				CLANG_WARN_SUSPICIOUS_MOVE = YES;
				CLANG_WARN_UNGUARDED_AVAILABILITY = YES_AGGRESSIVE;
				CLANG_WARN_UNREACHABLE_CODE = YES;
				CLANG_WARN__DUPLICATE_METHOD_MATCH = YES;
				COPY_PHASE_STRIP = NO;
				DEBUG_INFORMATION_FORMAT = dwarf;
				ENABLE_STRICT_OBJC_MSGSEND = YES;
				ENABLE_TESTABILITY = YES;
				GCC_C_LANGUAGE_STANDARD = gnu11;
				GCC_DYNAMIC_NO_PIC = NO;
				GCC_NO_COMMON_BLOCKS = YES;
				GCC_OPTIMIZATION_LEVEL = 0;
				GCC_PREPROCESSOR_DEFINITIONS = (
					"DEBUG=1",
					"$(inherited)",
				);
				GCC_WARN_64_TO_32_BIT_CONVERSION = YES;
				GCC_WARN_ABOUT_RETURN_TYPE = YES_ERROR;
				GCC_WARN_UNDECLARED_SELECTOR = YES;
				GCC_WARN_UNINITIALIZED_AUTOS = YES_AGGRESSIVE;
				GCC_WARN_UNUSED_FUNCTION = YES;
				GCC_WARN_UNUSED_VARIABLE = YES;
				IPHONEOS_DEPLOYMENT_TARGET = 16.0;
				MTL_ENABLE_DEBUG_INFO = INCLUDE_SOURCE;
				MTL_FAST_MATH = YES;
				ONLY_ACTIVE_ARCH = YES;
				SDKROOT = iphoneos;
				SWIFT_ACTIVE_COMPILATION_CONDITIONS = DEBUG;
				SWIFT_OPTIMIZATION_LEVEL = "-Onone";
			};
			name = Debug;
		};
		3B84353C298B07AE0051D8CC /* Release */ = {
			isa = XCBuildConfiguration;
			buildSettings = {
				ALWAYS_SEARCH_USER_PATHS = NO;
				CLANG_ANALYZER_NONNULL = YES;
				CLANG_ANALYZER_NUMBER_OBJECT_CONVERSION = YES_AGGRESSIVE;
				CLANG_CXX_LANGUAGE_STANDARD = "gnu++20";
				CLANG_ENABLE_MODULES = YES;
				CLANG_ENABLE_OBJC_ARC = YES;
				CLANG_ENABLE_OBJC_WEAK = YES;
				CLANG_WARN_BLOCK_CAPTURE_AUTORELEASING = YES;
				CLANG_WARN_BOOL_CONVERSION = YES;
				CLANG_WARN_COMMA = YES;
				CLANG_WARN_CONSTANT_CONVERSION = YES;
				CLANG_WARN_DEPRECATED_OBJC_IMPLEMENTATIONS = YES;
				CLANG_WARN_DIRECT_OBJC_ISA_USAGE = YES_ERROR;
				CLANG_WARN_DOCUMENTATION_COMMENTS = YES;
				CLANG_WARN_EMPTY_BODY = YES;
				CLANG_WARN_ENUM_CONVERSION = YES;
				CLANG_WARN_INFINITE_RECURSION = YES;
				CLANG_WARN_INT_CONVERSION = YES;
				CLANG_WARN_NON_LITERAL_NULL_CONVERSION = YES;
				CLANG_WARN_OBJC_IMPLICIT_RETAIN_SELF = YES;
				CLANG_WARN_OBJC_LITERAL_CONVERSION = YES;
				CLANG_WARN_OBJC_ROOT_CLASS = YES_ERROR;
				CLANG_WARN_QUOTED_INCLUDE_IN_FRAMEWORK_HEADER = YES;
				CLANG_WARN_RANGE_LOOP_ANALYSIS = YES;
				CLANG_WARN_STRICT_PROTOTYPES = YES;
				CLANG_WARN_SUSPICIOUS_MOVE = YES;
				CLANG_WARN_UNGUARDED_AVAILABILITY = YES_AGGRESSIVE;
				CLANG_WARN_UNREACHABLE_CODE = YES;
				CLANG_WARN__DUPLICATE_METHOD_MATCH = YES;
				COPY_PHASE_STRIP = NO;
				DEBUG_INFORMATION_FORMAT = "dwarf-with-dsym";
				ENABLE_NS_ASSERTIONS = NO;
				ENABLE_STRICT_OBJC_MSGSEND = YES;
				GCC_C_LANGUAGE_STANDARD = gnu11;
				GCC_NO_COMMON_BLOCKS = YES;
				GCC_WARN_64_TO_32_BIT_CONVERSION = YES;
				GCC_WARN_ABOUT_RETURN_TYPE = YES_ERROR;
				GCC_WARN_UNDECLARED_SELECTOR = YES;
				GCC_WARN_UNINITIALIZED_AUTOS = YES_AGGRESSIVE;
				GCC_WARN_UNUSED_FUNCTION = YES;
				GCC_WARN_UNUSED_VARIABLE = YES;
				IPHONEOS_DEPLOYMENT_TARGET = 16.0;
				MTL_ENABLE_DEBUG_INFO = NO;
				MTL_FAST_MATH = YES;
				SDKROOT = iphoneos;
				SWIFT_COMPILATION_MODE = wholemodule;
				SWIFT_OPTIMIZATION_LEVEL = "-O";
				VALIDATE_PRODUCT = YES;
			};
			name = Release;
		};
		3B84353E298B07AE0051D8CC /* Debug */ = {
			isa = XCBuildConfiguration;
			buildSettings = {
				ASSETCATALOG_COMPILER_APPICON_NAME = AppIcon;
				ASSETCATALOG_COMPILER_GLOBAL_ACCENT_COLOR_NAME = AccentColor;
				CODE_SIGN_STYLE = Automatic;
				CURRENT_PROJECT_VERSION = 1;
				DEVELOPMENT_ASSET_PATHS = "\"Photo-Shoebox/Preview Content\"";
				DEVELOPMENT_TEAM = Q3MU63B4W7;
				ENABLE_PREVIEWS = YES;
				GENERATE_INFOPLIST_FILE = YES;
				INFOPLIST_FILE = "Photo-Shoebox/Info.plist";
				INFOPLIST_KEY_NSCameraUsageDescription = "Allow use of camera.";
				INFOPLIST_KEY_NSPhotoLibraryUsageDescription = "Allow to save to your photo library.";
				INFOPLIST_KEY_UIApplicationSupportsIndirectInputEvents = YES;
				INFOPLIST_KEY_UILaunchScreen_Generation = YES;
				INFOPLIST_KEY_UISupportedInterfaceOrientations_iPad = "UIInterfaceOrientationPortrait UIInterfaceOrientationPortraitUpsideDown UIInterfaceOrientationLandscapeLeft UIInterfaceOrientationLandscapeRight";
				INFOPLIST_KEY_UISupportedInterfaceOrientations_iPhone = "UIInterfaceOrientationPortrait UIInterfaceOrientationLandscapeLeft UIInterfaceOrientationLandscapeRight";
				LD_RUNPATH_SEARCH_PATHS = (
					"$(inherited)",
					"@executable_path/Frameworks",
				);
				MARKETING_VERSION = 1.0;
				PRODUCT_BUNDLE_IDENTIFIER = "Javier.Photo-Shoebox";
				PRODUCT_NAME = "$(TARGET_NAME)";
				SWIFT_EMIT_LOC_STRINGS = YES;
				SWIFT_VERSION = 5.0;
				TARGETED_DEVICE_FAMILY = "1,2";
			};
			name = Debug;
		};
		3B84353F298B07AE0051D8CC /* Release */ = {
			isa = XCBuildConfiguration;
			buildSettings = {
				ASSETCATALOG_COMPILER_APPICON_NAME = AppIcon;
				ASSETCATALOG_COMPILER_GLOBAL_ACCENT_COLOR_NAME = AccentColor;
				CODE_SIGN_STYLE = Automatic;
				CURRENT_PROJECT_VERSION = 1;
				DEVELOPMENT_ASSET_PATHS = "\"Photo-Shoebox/Preview Content\"";
				DEVELOPMENT_TEAM = Q3MU63B4W7;
				ENABLE_PREVIEWS = YES;
				GENERATE_INFOPLIST_FILE = YES;
				INFOPLIST_FILE = "Photo-Shoebox/Info.plist";
				INFOPLIST_KEY_NSCameraUsageDescription = "Allow use of camera.";
				INFOPLIST_KEY_NSPhotoLibraryUsageDescription = "Allow to save to your photo library.";
				INFOPLIST_KEY_UIApplicationSupportsIndirectInputEvents = YES;
				INFOPLIST_KEY_UILaunchScreen_Generation = YES;
				INFOPLIST_KEY_UISupportedInterfaceOrientations_iPad = "UIInterfaceOrientationPortrait UIInterfaceOrientationPortraitUpsideDown UIInterfaceOrientationLandscapeLeft UIInterfaceOrientationLandscapeRight";
				INFOPLIST_KEY_UISupportedInterfaceOrientations_iPhone = "UIInterfaceOrientationPortrait UIInterfaceOrientationLandscapeLeft UIInterfaceOrientationLandscapeRight";
				LD_RUNPATH_SEARCH_PATHS = (
					"$(inherited)",
					"@executable_path/Frameworks",
				);
				MARKETING_VERSION = 1.0;
				PRODUCT_BUNDLE_IDENTIFIER = "Javier.Photo-Shoebox";
				PRODUCT_NAME = "$(TARGET_NAME)";
				SWIFT_EMIT_LOC_STRINGS = YES;
				SWIFT_VERSION = 5.0;
				TARGETED_DEVICE_FAMILY = "1,2";
			};
			name = Release;
		};
/* End XCBuildConfiguration section */

/* Begin XCConfigurationList section */
		3B84352A298B07AD0051D8CC /* Build configuration list for PBXProject "Photo-Shoebox" */ = {
			isa = XCConfigurationList;
			buildConfigurations = (
				3B84353B298B07AE0051D8CC /* Debug */,
				3B84353C298B07AE0051D8CC /* Release */,
			);
			defaultConfigurationIsVisible = 0;
			defaultConfigurationName = Release;
		};
		3B84353D298B07AE0051D8CC /* Build configuration list for PBXNativeTarget "Photo-Shoebox" */ = {
			isa = XCConfigurationList;
			buildConfigurations = (
				3B84353E298B07AE0051D8CC /* Debug */,
				3B84353F298B07AE0051D8CC /* Release */,
			);
			defaultConfigurationIsVisible = 0;
			defaultConfigurationName = Release;
		};
/* End XCConfigurationList section */
	};
	rootObject = 3B843527298B07AD0051D8CC /* Project object */;
}
